{
    "name": "actions",
    "version": "0.0.0",
    "lockfileVersion": 1,
    "requires": true,
    "dependencies": {
        "@actions/core": {
            "version": "file:../actions/action-modules/actions-core-0.0.0.tgz",
            "integrity": "sha512-aA3W5QTRIbaRxEDo/Pn/unVB+PB6Vbyx2QNjnV35QRDsdhbMd65e3Gige0NCkjoJ3P+P1Fv5B9jb7XV78yUBIQ=="
        },
        "@actions/exec": {
            "version": "file:../actions/action-modules/actions-exec-0.0.0.tgz",
            "integrity": "sha512-Ha//34XKSv82P6QaaLwNK9cUJA2qzqPxRm1Cv0Wgj3k1ppS9MPjuCKQGvZI0CsbEs3UFq+NPorcbiAKM8smJWw=="
        },
        "@actions/io": {
            "version": "file:../actions/action-modules/actions-io-0.0.0.tgz",
            "integrity": "sha512-G6zj0R57DAZfFFnMxIKWXBi8rdFqHrkVn4DBYrhhmk2VxflIUztNmhd4Ezl/MdcqgM4YmC0enFvbMs6Oei0hyQ=="
        },
        "@actions/tool-cache": {
            "version": "file:../actions/action-modules/actions-tool-cache-0.0.0.tgz",
            "integrity": "sha512-+zx33p3tWhX1XLMVCGt+1JAv5IU6to/Ow64fBUdiRlVMlcGrMXuVQQ07HXtBpJG2g4P8q7x7UtLbfXxDgAij3w==",
            "requires": {
                "@actions/core": "^0.0.0",
                "@actions/exec": "^0.0.0",
                "@actions/io": "^0.0.0",
                "semver": "^6.1.0",
                "typed-rest-client": "^1.4.0",
                "uuid": "^3.3.2"
            }
        },
        "@types/node": {
            "version": "12.6.8",
            "resolved": "https://registry.npmjs.org/@types/node/-/node-12.6.8.tgz",
            "integrity": "sha512-aX+gFgA5GHcDi89KG5keey2zf0WfZk/HAQotEamsK2kbey+8yGKcson0hbK8E+v0NArlCJQCqMP161YhV6ZXLg==",
            "dev": true
        },
        "argparse": {
            "version": "1.0.10",
            "resolved": "https://registry.npmjs.org/argparse/-/argparse-1.0.10.tgz",
            "integrity": "sha512-o5Roy6tNG4SL/FOkCAN6RzjiakZS25RLYFrcMttJqbdd8BWrnA+fGz57iN5Pb06pvBGvl5gQ0B48dJlslXvoTg==",
            "requires": {
                "sprintf-js": "~1.0.2"
            }
        },
        "esprima": {
            "version": "4.0.1",
            "resolved": "https://registry.npmjs.org/esprima/-/esprima-4.0.1.tgz",
            "integrity": "sha512-eGuFFw7Upda+g4p+QHvnW0RyTX/SVeJBDM/gCtMARO0cLuT2HcEKnTPvhjV6aGeqrCB/sbNop0Kszm0jsaWU4A=="
        },
        "js-yaml": {
            "version": "3.13.1",
            "resolved": "https://registry.npmjs.org/js-yaml/-/js-yaml-3.13.1.tgz",
            "integrity": "sha512-YfbcO7jXDdyj0DGxYVSlSeQNHbD7XPWvrVWeVUujrQEoZzWJIRrCPoyk6kL6IAjAG2IolMK4T0hNUe0HOUs5Jw==",
            "requires": {
                "argparse": "^1.0.7",
                "esprima": "^4.0.0"
            }
        },
        "semver": {
            "version": "6.2.0",
            "resolved": "https://registry.npmjs.org/semver/-/semver-6.2.0.tgz",
            "integrity": "sha512-jdFC1VdUGT/2Scgbimf7FSx9iJLXoqfglSF+gJeuNWVpiE37OIbc1jywR/GJyFdz3mnkz2/id0L0J/cr0izR5A=="
        },
        "sprintf-js": {
            "version": "1.0.3",
            "resolved": "https://registry.npmjs.org/sprintf-js/-/sprintf-js-1.0.3.tgz",
            "integrity": "sha1-BOaSb2YolTVPPdAVIDYzuFcpfiw="
        },
        "tunnel": {
            "version": "0.0.4",
            "resolved": "https://registry.npmjs.org/tunnel/-/tunnel-0.0.4.tgz",
            "integrity": "sha1-LTeFoVjBdMmhbcLARuxfxfF0IhM="
        },
        "typed-rest-client": {
            "version": "1.5.0",
            "resolved": "https://registry.npmjs.org/typed-rest-client/-/typed-rest-client-1.5.0.tgz",
            "integrity": "sha512-DVZRlmsfnTjp6ZJaatcdyvvwYwbWvR4YDNFDqb+qdTxpvaVP99YCpBkA8rxsLtAPjBVoDe4fNsnMIdZTiPuKWg==",
            "requires": {
                "tunnel": "0.0.4",
                "underscore": "1.8.3"
            }
        },
        "underscore": {
            "version": "1.8.3",
            "resolved": "https://registry.npmjs.org/underscore/-/underscore-1.8.3.tgz",
            "integrity": "sha1-Tz+1OxBuYJf8+ctBCfKl6b36UCI="
        },
        "uuid": {
            "version": "3.3.2",
            "resolved": "https://registry.npmjs.org/uuid/-/uuid-3.3.2.tgz",
            "integrity": "sha512-yXJmeNaw3DnnKAOKJE51sL/ZaYfWJRl1pK9dr19YFCu0ObS231AB1/LbqTKRAQ5kw8A90rA6fr4riOUpTZvQZA=="
        }
    }
}
